
Microsoft Visual Studio Solution File, Format Version 12.00
# Visual Studio Version 16
VisualStudioVersion = 16.0.30907.101
MinimumVisualStudioVersion = 10.0.40219.1
Project("{FAE04EC0-301F-11D3-BF4B-00C04F79EFBC}") = "API", "MISA.BASE\API.csproj", "{8EC1BC44-BAC1-459C-960A-71DFDFFC69C0}"
EndProject
Project("{FAE04EC0-301F-11D3-BF4B-00C04F79EFBC}") = "MISA.ApplicationCore", "MISA.ApplicationCore\MISA.ApplicationCore.csproj", "{0F0818D7-B1C2-47BB-AD38-A64A7F08188D}"
EndProject
Project("{FAE04EC0-301F-11D3-BF4B-00C04F79EFBC}") = "MISA.Infrastructure", "MISA.Infrastructure\MISA.Infrastructure.csproj", "{6F769844-70C1-4E42-9325-B85E936D1E50}"
EndProject
Global
	GlobalSection(SolutionConfigurationPlatforms) = preSolution
		Debug|Any CPU = Debug|Any CPU
		Release|Any CPU = Release|Any CPU
	EndGlobalSection
	GlobalSection(ProjectConfigurationPlatforms) = postSolution
		{8EC1BC44-BAC1-459C-960A-71DFDFFC69C0}.Debug|Any CPU.ActiveCfg = Debug|Any CPU
		{8EC1BC44-BAC1-459C-960A-71DFDFFC69C0}.Debug|Any CPU.Build.0 = Debug|Any CPU
		{8EC1BC44-BAC1-459C-960A-71DFDFFC69C0}.Release|Any CPU.ActiveCfg = Release|Any CPU
		{8EC1BC44-BAC1-459C-960A-71DFDFFC69C0}.Release|Any CPU.Build.0 = Release|Any CPU
		{0F0818D7-B1C2-47BB-AD38-A64A7F08188D}.Debug|Any CPU.ActiveCfg = Debug|Any CPU
		{0F0818D7-B1C2-47BB-AD38-A64A7F08188D}.Debug|Any CPU.Build.0 = Debug|Any CPU
		{0F0818D7-B1C2-47BB-AD38-A64A7F08188D}.Release|Any CPU.ActiveCfg = Release|Any CPU
		{0F0818D7-B1C2-47BB-AD38-A64A7F08188D}.Release|Any CPU.Build.0 = Release|Any CPU
		{6F769844-70C1-4E42-9325-B85E936D1E50}.Debug|Any CPU.ActiveCfg = Debug|Any CPU
		{6F769844-70C1-4E42-9325-B85E936D1E50}.Debug|Any CPU.Build.0 = Debug|Any CPU
		{6F769844-70C1-4E42-9325-B85E936D1E50}.Release|Any CPU.ActiveCfg = Release|Any CPU
		{6F769844-70C1-4E42-9325-B85E936D1E50}.Release|Any CPU.Build.0 = Release|Any CPU
	EndGlobalSection
	GlobalSection(SolutionProperties) = preSolution
		HideSolutionNode = FALSE
	EndGlobalSection
	GlobalSection(ExtensibilityGlobals) = postSolution
		SolutionGuid = {3085B220-606A-4654-99BD-6D1C82818A3C}
	EndGlobalSection
EndGlobal
